
Microsoft Visual Studio Solution File, Format Version 12.00
# Visual Studio 15
VisualStudioVersion = 15.0.27130.2020
MinimumVisualStudioVersion = 10.0.40219.1
Project("{FAE04EC0-301F-11D3-BF4B-00C04F79EFBC}") = "ucg", "ucg\ucg.csproj", "{DAEF8524-EAA4-4F8F-8394-D9F7CC18E1AD}"
EndProject
Global
	GlobalSection(SolutionConfigurationPlatforms) = preSolution
		Debug|Any CPU = Debug|Any CPU
		Release|Any CPU = Release|Any CPU
	EndGlobalSection
	GlobalSection(ProjectConfigurationPlatforms) = postSolution
		{DAEF8524-EAA4-4F8F-8394-D9F7CC18E1AD}.Debug|Any CPU.ActiveCfg = Debug|Any CPU
		{DAEF8524-EAA4-4F8F-8394-D9F7CC18E1AD}.Debug|Any CPU.Build.0 = Debug|Any CPU
		{DAEF8524-EAA4-4F8F-8394-D9F7CC18E1AD}.Release|Any CPU.ActiveCfg = Release|Any CPU
		{DAEF8524-EAA4-4F8F-8394-D9F7CC18E1AD}.Release|Any CPU.Build.0 = Release|Any CPU
	EndGlobalSection
	GlobalSection(SolutionProperties) = preSolution
		HideSolutionNode = FALSE
	EndGlobalSection
	GlobalSection(ExtensibilityGlobals) = postSolution
		SolutionGuid = {904776C0-09AC-4D63-9646-1EAB8DBBCE78}
	EndGlobalSection
EndGlobal
